{
  "version": 4,
  "terraform_version": "1.4.2",
  "serial": 15,
  "lineage": "abe961c9-270b-fc29-3f57-a8f908e8c7c4",
  "outputs": {},
  "resources": [
    {
      "mode": "managed",
      "type": "local_file",
      "name": "file_block",
      "provider": "provider[\"registry.terraform.io/hashicorp/local\"]",
      "instances": [
        {
          "schema_version": 0,
          "attributes": {
            "content": "8b482de1c21255d0",
            "content_base64": null,
            "content_base64sha256": "Vu/M/WdSo+r1JS49fJw2JiJc07E/9NCMnfJT6D+tbYc=",
            "content_base64sha512": "4txWmW1EmWA2Zu7taDhOlfG2u4w3tI+mQe8ykP/1Rm3xvw7lfgmzwuTbcjafJLstIGLLJrGse6YgylIuHYx3kA==",
            "content_md5": "7e8b456227253e73794b6613fd309897",
            "content_sha1": "b49ac757984e5c3f10203e098eac80567e1f7ee8",
            "content_sha256": "56efccfd6752a3eaf5252e3d7c9c3626225cd3b13ff4d08c9df253e83fad6d87",
            "content_sha512": "e2dc56996d4499603666eeed68384e95f1b6bb8c37b48fa641ef3290fff5466df1bf0ee57e09b3c2e4db72369f24bb2d2062cb26b1ac7ba620ca522e1d8c7790",
            "directory_permission": "0777",
            "file_permission": "0777",
            "filename": "abhi.py",
            "id": "b49ac757984e5c3f10203e098eac80567e1f7ee8",
            "sensitive_content": null,
            "source": null
          },
          "sensitive_attributes": [],
          "dependencies": [
            "random_id.random_value"
          ]
        }
      ]
    },
    {
      "mode": "managed",
      "type": "local_file",
      "name": "file_block1",
      "provider": "provider[\"registry.terraform.io/hashicorp/local\"]",
      "instances": [
        {
          "schema_version": 0,
          "attributes": {
            "content": "java is here",
            "content_base64": null,
            "content_base64sha256": "HiNnPwXvWEyQMgEX0HDU0LGuCwCFyNL7xhb0isrB6qY=",
            "content_base64sha512": "IQTTzd2itwvpOIS5I1Z/+R4TPJCmOY8l2tL64GgbEHSySzXYwkH/+GehN/6lmY49QzzydXvVE6LC+oxx17SKLw==",
            "content_md5": "d429075e8a0bbb5a9d5345450e89d4c1",
            "content_sha1": "986c43c260027e8697461d884a288a8b16555d54",
            "content_sha256": "1e23673f05ef584c90320117d070d4d0b1ae0b0085c8d2fbc616f48acac1eaa6",
            "content_sha512": "2104d3cddda2b70be93884b923567ff91e133c90a6398f25dad2fae0681b1074b24b35d8c241fff867a137fea5998e3d433cf2757bd513a2c2fa8c71d7b48a2f",
            "directory_permission": "0777",
            "file_permission": "0777",
            "filename": "happy.java",
            "id": "986c43c260027e8697461d884a288a8b16555d54",
            "sensitive_content": null,
            "source": null
          },
          "sensitive_attributes": []
        }
      ]
    },
    {
      "mode": "managed",
      "type": "local_file",
      "name": "file_block2",
      "provider": "provider[\"registry.terraform.io/hashicorp/local\"]",
      "instances": [
        {
          "schema_version": 0,
          "attributes": {
            "content": "I am groot",
            "content_base64": null,
            "content_base64sha256": "Qggmw0sEwpRm1gN6mnzbjcdYeOLAslz/XZtYQHwQTW8=",
            "content_base64sha512": "Tjh7o7+wheMu521ciwWTecV2xrFDcYvmxyYYlA+ev0v0G3mSfvoMo6ITnIi3UV+ACvDIkTqzB8GQw4KLalJ1YQ==",
            "content_md5": "6d98e3e012cf8a41868dd4709f7e102d",
            "content_sha1": "a8775bf1b276490af21bc54cafa4ca516b527622",
            "content_sha256": "420826c34b04c29466d6037a9a7cdb8dc75878e2c0b25cff5d9b58407c104d6f",
            "content_sha512": "4e387ba3bfb085e32ee76d5c8b059379c576c6b143718be6c72618940f9ebf4bf41b79927efa0ca3a2139c88b7515f800af0c8913ab307c190c3828b6a527561",
            "directory_permission": "0777",
            "file_permission": "0777",
            "filename": "a.py",
            "id": "a8775bf1b276490af21bc54cafa4ca516b527622",
            "sensitive_content": null,
            "source": null
          },
          "sensitive_attributes": []
        }
      ]
    },
    {
      "mode": "managed",
      "type": "local_file",
      "name": "file_block3",
      "provider": "provider[\"registry.terraform.io/hashicorp/local\"]",
      "instances": [
        {
          "schema_version": 0,
          "attributes": {
            "content": "everything is fare",
            "content_base64": null,
            "content_base64sha256": "i1rd9PPvV2dhulM+ae1aJudwJvRbrd+dTi4Wp+yG5Rw=",
            "content_base64sha512": "neP+0Hjg1nH6T3zs2e29r5xu19+x0WWUv9SUaUcnoRmH9cXuUtHkGWiNcS0HDz1vmM2k2M+SeuWoRWP65nNiCw==",
            "content_md5": "ee538613afcc6c65826278d9a69c0ed9",
            "content_sha1": "30bdeb2c35893629b6db04effff389952be3e44b",
            "content_sha256": "8b5addf4f3ef576761ba533e69ed5a26e77026f45baddf9d4e2e16a7ec86e51c",
            "content_sha512": "9de3fed078e0d671fa4f7cecd9edbdaf9c6ed7dfb1d16594bfd494694727a11987f5c5ee52d1e419688d712d070f3d6f98cda4d8cf927ae5a84563fae673620b",
            "directory_permission": "0777",
            "file_permission": "0777",
            "filename": "wonder.py",
            "id": "30bdeb2c35893629b6db04effff389952be3e44b",
            "sensitive_content": null,
            "source": null
          },
          "sensitive_attributes": []
        }
      ]
    },
    {
      "mode": "managed",
      "type": "local_file",
      "name": "file_block4",
      "provider": "provider[\"registry.terraform.io/hashicorp/local\"]",
      "instances": [
        {
          "schema_version": 0,
          "attributes": {
            "content": "Happy hours days ",
            "content_base64": null,
            "content_base64sha256": "0LIEAZ9hyJNPwZ6a5d35CqL8J81XXJUB4QFHZRUrkN0=",
            "content_base64sha512": "kO7jlKTmSQzPur6gwXzFG+Z+XsCwrCdbhlji7RvGKewWLxjAJKk7OeNNPeBLdMoA8u/w2tPOw79o//APfkoung==",
            "content_md5": "65ceaae0ea70d6bd8705a5a9bddf0d17",
            "content_sha1": "09555782655d82fad4eabb2dbdbe3a3194ceba83",
            "content_sha256": "d0b204019f61c8934fc19e9ae5ddf90aa2fc27cd575c9501e1014765152b90dd",
            "content_sha512": "90eee394a4e6490ccfbabea0c17cc51be67e5ec0b0ac275b8658e2ed1bc629ec162f18c024a93b39e34d3de04b74ca00f2eff0dad3cec3bf68fff00f7e4a2e9e",
            "directory_permission": "0777",
            "file_permission": "0777",
            "filename": "terra.py",
            "id": "09555782655d82fad4eabb2dbdbe3a3194ceba83",
            "sensitive_content": null,
            "source": null
          },
          "sensitive_attributes": []
        }
      ]
    },
    {
      "mode": "managed",
      "type": "random_id",
      "name": "random_value",
      "provider": "provider[\"registry.terraform.io/hashicorp/random\"]",
      "instances": [
        {
          "schema_version": 0,
          "attributes": {
            "b64_std": "i0gt4cISVdA=",
            "b64_url": "i0gt4cISVdA",
            "byte_length": 8,
            "dec": "10036322217242023376",
            "hex": "8b482de1c21255d0",
            "id": "i0gt4cISVdA",
            "keepers": null,
            "prefix": null
          },
          "sensitive_attributes": []
        }
      ]
    }
  ],
  "check_results": null
}
