{
  "version": 4,
  "terraform_version": "1.4.2",
  "serial": 5,
  "lineage": "abe961c9-270b-fc29-3f57-a8f908e8c7c4",
  "outputs": {},
  "resources": [
    {
      "mode": "managed",
      "type": "local_file",
      "name": "file_block",
      "provider": "provider[\"registry.terraform.io/hashicorp/local\"]",
      "instances": [
        {
          "schema_version": 0,
          "attributes": {
            "content": "Abhiraj",
            "content_base64": null,
            "content_base64sha256": "gKcyM3B2NcF8pjDOvHpDk2Ow9oNVPGRKlXEvftN9EaY=",
            "content_base64sha512": "gfc6+PpAI084qy8yb7qPtRMHiC7rHoW4/mN0z0o/iO7uHmXxQaDsApdwGXtXpE6tXuVwycHg9br4BsDNj+EWJw==",
            "content_md5": "e1fd0396a52bbb0593edb178a3f9959f",
            "content_sha1": "72230ab54dc61a495c149eec52b3c6e3b00dda0e",
            "content_sha256": "80a73233707635c17ca630cebc7a439363b0f683553c644a95712f7ed37d11a6",
            "content_sha512": "81f73af8fa40234f38ab2f326fba8fb51307882eeb1e85b8fe6374cf4a3f88eeee1e65f141a0ec029770197b57a44ead5ee570c9c1e0f5baf806c0cd8fe11627",
            "directory_permission": "0777",
            "file_permission": "0777",
            "filename": "abhi.py",
            "id": "72230ab54dc61a495c149eec52b3c6e3b00dda0e",
            "sensitive_content": null,
            "source": null
          },
          "sensitive_attributes": []
        }
      ]
    },
    {
      "mode": "managed",
      "type": "local_file",
      "name": "file_block1",
      "provider": "provider[\"registry.terraform.io/hashicorp/local\"]",
      "instances": [
        {
          "schema_version": 0,
          "attributes": {
            "content": "java is here",
            "content_base64": null,
            "content_base64sha256": "HiNnPwXvWEyQMgEX0HDU0LGuCwCFyNL7xhb0isrB6qY=",
            "content_base64sha512": "IQTTzd2itwvpOIS5I1Z/+R4TPJCmOY8l2tL64GgbEHSySzXYwkH/+GehN/6lmY49QzzydXvVE6LC+oxx17SKLw==",
            "content_md5": "d429075e8a0bbb5a9d5345450e89d4c1",
            "content_sha1": "986c43c260027e8697461d884a288a8b16555d54",
            "content_sha256": "1e23673f05ef584c90320117d070d4d0b1ae0b0085c8d2fbc616f48acac1eaa6",
            "content_sha512": "2104d3cddda2b70be93884b923567ff91e133c90a6398f25dad2fae0681b1074b24b35d8c241fff867a137fea5998e3d433cf2757bd513a2c2fa8c71d7b48a2f",
            "directory_permission": "0777",
            "file_permission": "0777",
            "filename": "happy.java",
            "id": "986c43c260027e8697461d884a288a8b16555d54",
            "sensitive_content": null,
            "source": null
          },
          "sensitive_attributes": []
        }
      ]
    },
    {
      "mode": "managed",
      "type": "local_file",
      "name": "file_block2",
      "provider": "provider[\"registry.terraform.io/hashicorp/local\"]",
      "instances": [
        {
          "schema_version": 0,
          "attributes": {
            "content": "Abhi",
            "content_base64": null,
            "content_base64sha256": "gpBksf2Z6lHyYMj01/EDpbdNTEbfDRvVrbLv8IHU+h0=",
            "content_base64sha512": "Cl1oynNEPf6StRiJDSocbbOEUEUqy6WZCSaojSCXWpUHh4F+zz+B7HzPMmOsmlwee/ERVxDypQQ4K1xibFEvgA==",
            "content_md5": "5f8d15965bdb44361776a0bc360f924d",
            "content_sha1": "04f2d0ddb0cc6398bd9c8fced84abf1134f5fed2",
            "content_sha256": "829064b1fd99ea51f260c8f4d7f103a5b74d4c46df0d1bd5adb2eff081d4fa1d",
            "content_sha512": "0a5d68ca73443dfe92b518890d2a1c6db38450452acba5990926a88d20975a950787817ecf3f81ec7ccf3263ac9a5c1e7bf1115710f2a504382b5c626c512f80",
            "directory_permission": "0777",
            "file_permission": "0777",
            "filename": "a.py",
            "id": "04f2d0ddb0cc6398bd9c8fced84abf1134f5fed2",
            "sensitive_content": null,
            "source": null
          },
          "sensitive_attributes": []
        }
      ]
    },
    {
      "mode": "managed",
      "type": "local_file",
      "name": "file_block3",
      "provider": "provider[\"registry.terraform.io/hashicorp/local\"]",
      "instances": [
        {
          "schema_version": 0,
          "attributes": {
            "content": "worls od wonder",
            "content_base64": null,
            "content_base64sha256": "xzqph0b1oz/VtaTVAiP6yib2hbQAYE40drkPX4FuiTs=",
            "content_base64sha512": "ieHmD9L3jop3YEmP5RXGjXxJBJoFD1oo9PkO9ufDCfSh31MILNpsyMXz8M+0bcjy6ea0SNfX4YrLIV7QjmtYFQ==",
            "content_md5": "09b85f59f3ada8ebedec0181b671b818",
            "content_sha1": "7d60481748d2be3845044f60bb2c271e8e6587ce",
            "content_sha256": "c73aa98746f5a33fd5b5a4d50223faca26f685b400604e3476b90f5f816e893b",
            "content_sha512": "89e1e60fd2f78e8a7760498fe515c68d7c49049a050f5a28f4f90ef6e7c309f4a1df53082cda6cc8c5f3f0cfb46dc8f2e9e6b448d7d7e18acb215ed08e6b5815",
            "directory_permission": "0777",
            "file_permission": "0777",
            "filename": "wonder.py",
            "id": "7d60481748d2be3845044f60bb2c271e8e6587ce",
            "sensitive_content": null,
            "source": null
          },
          "sensitive_attributes": []
        }
      ]
    },
    {
      "mode": "managed",
      "type": "local_file",
      "name": "file_block4",
      "provider": "provider[\"registry.terraform.io/hashicorp/local\"]",
      "instances": [
        {
          "schema_version": 0,
          "attributes": {
            "content": "Hello terra",
            "content_base64": null,
            "content_base64sha256": "10jfNNzcrHP3Ov4o6lz0TdHIzRwenaBtIAozwdleMyQ=",
            "content_base64sha512": "uoln9OiiII1lPxOca+MxwZLnjcXSfbu8eCfEYXOtpH3xe2ndMbpeO2KtEjD2RwiiwHMZm7rCZKXUbvNFsh3w1g==",
            "content_md5": "bf7c80fcf04f6ad6591aea1ceed88570",
            "content_sha1": "4dbaaa29623ce9ee675935ae2e38a0764a1eaf22",
            "content_sha256": "d748df34dcdcac73f73afe28ea5cf44dd1c8cd1c1e9da06d200a33c1d95e3324",
            "content_sha512": "ba8967f4e8a2208d653f139c6be331c192e78dc5d27dbbbc7827c46173ada47df17b69dd31ba5e3b62ad1230f64708a2c073199bbac264a5d46ef345b21df0d6",
            "directory_permission": "0777",
            "file_permission": "0777",
            "filename": "terra.py",
            "id": "4dbaaa29623ce9ee675935ae2e38a0764a1eaf22",
            "sensitive_content": null,
            "source": null
          },
          "sensitive_attributes": []
        }
      ]
    }
  ],
  "check_results": null
}
